
Microsoft Visual Studio Solution File, Format Version 12.00
# Visual Studio 15
VisualStudioVersion = 15.0.28307.106
MinimumVisualStudioVersion = 10.0.40219.1
Project("{159641D6-6404-4A2A-AE62-294DE0FE8301}") = "Adidas SSIS", "Adidas SSIS\Adidas SSIS.dtproj", "{4A069737-A2FE-4CFC-AEBA-DF1E4561810B}"
EndProject
Global
	GlobalSection(SolutionConfigurationPlatforms) = preSolution
		Development|Default = Development|Default
	EndGlobalSection
	GlobalSection(ProjectConfigurationPlatforms) = postSolution
		{4A069737-A2FE-4CFC-AEBA-DF1E4561810B}.Development|Default.ActiveCfg = Development
		{4A069737-A2FE-4CFC-AEBA-DF1E4561810B}.Development|Default.Build.0 = Development
	EndGlobalSection
	GlobalSection(SolutionProperties) = preSolution
		HideSolutionNode = FALSE
	EndGlobalSection
	GlobalSection(ExtensibilityGlobals) = postSolution
		SolutionGuid = {8BD0EFA3-0A2A-452F-A463-A950780FDA8C}
	EndGlobalSection
EndGlobal
