
Microsoft Visual Studio Solution File, Format Version 12.00
# Visual Studio 15
VisualStudioVersion = 15.0.28307.106
MinimumVisualStudioVersion = 10.0.40219.1
Project("{D2ABAB84-BF74-430A-B69E-9DC6D40DDA17}") = "Adidas SSAS", "Adidas SSAS\Adidas SSAS.dwproj", "{3C83ECCA-0C18-4D38-89DB-709556606185}"
EndProject
Global
	GlobalSection(SolutionConfigurationPlatforms) = preSolution
		Development|Default = Development|Default
	EndGlobalSection
	GlobalSection(ProjectConfigurationPlatforms) = postSolution
		{3C83ECCA-0C18-4D38-89DB-709556606185}.Development|Default.ActiveCfg = Development
		{3C83ECCA-0C18-4D38-89DB-709556606185}.Development|Default.Build.0 = Development
		{3C83ECCA-0C18-4D38-89DB-709556606185}.Development|Default.Deploy.0 = Development
	EndGlobalSection
	GlobalSection(SolutionProperties) = preSolution
		HideSolutionNode = FALSE
	EndGlobalSection
	GlobalSection(ExtensibilityGlobals) = postSolution
		SolutionGuid = {25787438-8407-484E-BF7D-B0503B9CD982}
	EndGlobalSection
EndGlobal
